
Microsoft Visual Studio Solution File, Format Version 12.00
# Visual Studio 2013
VisualStudioVersion = 12.0.30501.0
MinimumVisualStudioVersion = 10.0.40219.1
Project("{FAE04EC0-301F-11D3-BF4B-00C04F79EFBC}") = "ServiceBusExplorer", "ServiceBusExplorer.csproj", "{32754F39-E353-4607-94FE-B9B9ACFD58EF}"
EndProject
Project("{2150E333-8FDC-42A3-9474-1A3956D46DE8}") = "Solution Items", "Solution Items", "{B59933A5-4AE0-4340-9102-578619A93341}"
	ProjectSection(SolutionItems) = preProject
		LICENSE.txt = LICENSE.txt
	EndProjectSection
EndProject
Global
	GlobalSection(SolutionConfigurationPlatforms) = preSolution
		Debug|x86 = Debug|x86
		Release|x86 = Release|x86
	EndGlobalSection
	GlobalSection(ProjectConfigurationPlatforms) = postSolution
		{32754F39-E353-4607-94FE-B9B9ACFD58EF}.Debug|x86.ActiveCfg = Debug|x86
		{32754F39-E353-4607-94FE-B9B9ACFD58EF}.Debug|x86.Build.0 = Debug|x86
		{32754F39-E353-4607-94FE-B9B9ACFD58EF}.Release|x86.ActiveCfg = Release|x86
		{32754F39-E353-4607-94FE-B9B9ACFD58EF}.Release|x86.Build.0 = Release|x86
	EndGlobalSection
	GlobalSection(SolutionProperties) = preSolution
		HideSolutionNode = FALSE
	EndGlobalSection
EndGlobal
